version = 1
revision = 2
requires-python = ">=3.12"

[[package]]
name = "cuda-bindings"
version = "12.9.0"
source = { registry = "https://pypi.org/simple" }
dependencies = [
    { name = "pywin32", marker = "sys_platform == 'win32'" },
]
wheels = [
    { url = "https://files.pythonhosted.org/packages/5f/bf/23a583b8453f580bb1c7749c7abf57017176e0053197384ce81e73977ab3/cuda_bindings-12.9.0-cp312-cp312-manylinux_2_17_aarch64.manylinux2014_aarch64.whl", hash = "sha256:34318c3a1b442854f072f5bb410aea6834172fd1ee7a5ecf49f1d125ea7498a0", size = 11820737, upload-time = "2025-05-06T19:10:38.601Z" },
    { url = "https://files.pythonhosted.org/packages/e3/03/40fc1488727a8d72ecc35f58f9df4939277892a837614339c3366d520426/cuda_bindings-12.9.0-cp312-cp312-manylinux_2_17_x86_64.manylinux2014_x86_64.whl", hash = "sha256:ff0e28d1e34758654b9c961e1f55e4786e49aee6a4dbceaf3cc24c46c672df7e", size = 12154006, upload-time = "2025-05-06T19:10:41.642Z" },
    { url = "https://files.pythonhosted.org/packages/2c/6a/2808871d0b519364db2b460dc1b17d4fff3e340d5875144a303254f996e5/cuda_bindings-12.9.0-cp312-cp312-win_amd64.whl", hash = "sha256:57bdaa778116ee50fdcdd31810e0f345c23549ffb045452dc88d5c63601d35d4", size = 12223544, upload-time = "2025-05-06T19:10:43.928Z" },
    { url = "https://files.pythonhosted.org/packages/a0/29/7b9e64e3078e31516dad683d6a23f5e5a0d5c2b642c58fb23786ec4bfac6/cuda_bindings-12.9.0-cp313-cp313-manylinux_2_17_aarch64.manylinux2014_aarch64.whl", hash = "sha256:1b9d039981412575c1713915a889934ec750b8c2ed3dbfaa739292e0478a3f6f", size = 11810588, upload-time = "2025-05-06T19:10:46.653Z" },
    { url = "https://files.pythonhosted.org/packages/01/fd/1c30778265488c6797c6c17a69c09ba5636df6dc6b0ebfc96d950be2f9e7/cuda_bindings-12.9.0-cp313-cp313-manylinux_2_17_x86_64.manylinux2014_x86_64.whl", hash = "sha256:f6d7314b2e5db025bb88ddba4df6db2127cc39610ccf4f74c0e1ead05241da29", size = 12149149, upload-time = "2025-05-06T19:10:49.334Z" },
    { url = "https://files.pythonhosted.org/packages/d0/86/fdf309b334db8c6555f303c0f6a1538db53135103d13a78d8445b4981f15/cuda_bindings-12.9.0-cp313-cp313-win_amd64.whl", hash = "sha256:44eae9c854a55c7f464f08fa895a1fe0846e36097697d8c255051789d59bf55b", size = 12188603, upload-time = "2025-05-06T19:10:52.066Z" },
]

[package.optional-dependencies]
all = [
    { name = "nvidia-cuda-nvcc-cu12" },
    { name = "nvidia-cuda-nvrtc-cu12" },
    { name = "nvidia-nvjitlink-cu12" },
]

[[package]]
name = "cuda-python"
version = "12.9.0"
source = { registry = "https://pypi.org/simple" }
dependencies = [
    { name = "cuda-bindings" },
]
wheels = [
    { url = "https://files.pythonhosted.org/packages/24/3c/4475aebeaab9651f2e61000fbe76f91a476d371dbfbf0a1cf46e689af253/cuda_python-12.9.0-py3-none-any.whl", hash = "sha256:926acba49b2c0a0374c61b7c98f337c085199cf51cdfe4d6423c4129c20547a7", size = 7532, upload-time = "2025-05-06T19:14:07.771Z" },
]

[package.optional-dependencies]
all = [
    { name = "cuda-bindings", extra = ["all"] },
]

[[package]]
name = "cupy-cuda12x"
version = "13.4.1"
source = { registry = "https://pypi.org/simple" }
dependencies = [
    { name = "fastrlock" },
    { name = "numpy" },
]
wheels = [
    { url = "https://files.pythonhosted.org/packages/b7/6d/a5e08d225b1664b400fb4a87262878d315267c310b93d43efd5b7b0b1f64/cupy_cuda12x-13.4.1-cp312-cp312-manylinux2014_aarch64.whl", hash = "sha256:a714db3dae534b9d869951366ae2431f3e72036b07827927ffccd24076507ca8", size = 118354020, upload-time = "2025-03-21T07:25:10.378Z" },
    { url = "https://files.pythonhosted.org/packages/56/58/5bfc83265455ff783d5be65451392a6920a90fe8996a091006ba02512848/cupy_cuda12x-13.4.1-cp312-cp312-manylinux2014_x86_64.whl", hash = "sha256:06103dd2dc2ff7f36c67d2d01cb658befd68da350fae78a0e113fbab6895755f", size = 105273045, upload-time = "2025-03-21T07:25:17.966Z" },
    { url = "https://files.pythonhosted.org/packages/6f/e9/abc5ae5d8f6e05fb44c83105f8663d46c1bdfc9d0039fbaf21e79f51a985/cupy_cuda12x-13.4.1-cp312-cp312-win_amd64.whl", hash = "sha256:7d73a32b3b49311cf384f2dd9c686cc9244435b2288d628568af6a77262964ad", size = 82066008, upload-time = "2025-03-21T07:25:24.372Z" },
    { url = "https://files.pythonhosted.org/packages/cd/59/c5200651fc3c0e1e92393d4e582e7812d5f76f26607c1fb310399c335b21/cupy_cuda12x-13.4.1-cp313-cp313-manylinux2014_aarch64.whl", hash = "sha256:43f97bedd6e2385f61b939ee37faadff0e1fa701d35f2a328cdc13d5b1b74b48", size = 117957759, upload-time = "2025-03-21T07:25:31.363Z" },
    { url = "https://files.pythonhosted.org/packages/13/33/de71853fcd28aaf961092d895d126bfe5ebecc56d89865ea41ad8e48e559/cupy_cuda12x-13.4.1-cp313-cp313-manylinux2014_x86_64.whl", hash = "sha256:d0d153ac5b24ad183a7bcbe83693a6df06840355bf94b30c1606c519added468", size = 105047230, upload-time = "2025-03-21T07:25:38.084Z" },
    { url = "https://files.pythonhosted.org/packages/08/f6/38f02f85d6062868425180d9b36097bac05a3d222973be5b90aa3a8fd580/cupy_cuda12x-13.4.1-cp313-cp313-win_amd64.whl", hash = "sha256:4ca400146ab1c5f65dad180bc2562b58b91e239b322d33689fafed7b6399e229", size = 82031139, upload-time = "2025-03-21T07:25:44.085Z" },
]

[[package]]
name = "fastrlock"
version = "0.8.3"
source = { registry = "https://pypi.org/simple" }
sdist = { url = "https://files.pythonhosted.org/packages/73/b1/1c3d635d955f2b4bf34d45abf8f35492e04dbd7804e94ce65d9f928ef3ec/fastrlock-0.8.3.tar.gz", hash = "sha256:4af6734d92eaa3ab4373e6c9a1dd0d5ad1304e172b1521733c6c3b3d73c8fa5d", size = 79327, upload-time = "2024-12-17T11:03:39.638Z" }
wheels = [
    { url = "https://files.pythonhosted.org/packages/00/df/56270f2e10c1428855c990e7a7e5baafa9e1262b8e789200bd1d047eb501/fastrlock-0.8.3-cp312-cp312-macosx_11_0_universal2.whl", hash = "sha256:8cb2cf04352ea8575d496f31b3b88c42c7976e8e58cdd7d1550dfba80ca039da", size = 55727, upload-time = "2024-12-17T11:02:17.26Z" },
    { url = "https://files.pythonhosted.org/packages/57/21/ea1511b0ef0d5457efca3bf1823effb9c5cad4fc9dca86ce08e4d65330ce/fastrlock-0.8.3-cp312-cp312-manylinux_2_17_aarch64.manylinux2014_aarch64.manylinux_2_28_aarch64.whl", hash = "sha256:85a49a1f1e020097d087e1963e42cea6f307897d5ebe2cb6daf4af47ffdd3eed", size = 52201, upload-time = "2024-12-17T11:02:19.512Z" },
    { url = "https://files.pythonhosted.org/packages/80/07/cdecb7aa976f34328372f1c4efd6c9dc1b039b3cc8d3f38787d640009a25/fastrlock-0.8.3-cp312-cp312-manylinux_2_5_x86_64.manylinux1_x86_64.manylinux_2_28_x86_64.whl", hash = "sha256:5f13ec08f1adb1aa916c384b05ecb7dbebb8df9ea81abd045f60941c6283a670", size = 53924, upload-time = "2024-12-17T11:02:20.85Z" },
    { url = "https://files.pythonhosted.org/packages/88/6d/59c497f8db9a125066dd3a7442fab6aecbe90d6fec344c54645eaf311666/fastrlock-0.8.3-cp312-cp312-musllinux_1_1_aarch64.whl", hash = "sha256:0ea4e53a04980d646def0f5e4b5e8bd8c7884288464acab0b37ca0c65c482bfe", size = 52140, upload-time = "2024-12-17T11:02:22.263Z" },
    { url = "https://files.pythonhosted.org/packages/62/04/9138943c2ee803d62a48a3c17b69de2f6fa27677a6896c300369e839a550/fastrlock-0.8.3-cp312-cp312-musllinux_1_1_x86_64.whl", hash = "sha256:38340f6635bd4ee2a4fb02a3a725759fe921f2ca846cb9ca44531ba739cc17b4", size = 53261, upload-time = "2024-12-17T11:02:24.418Z" },
    { url = "https://files.pythonhosted.org/packages/e2/4b/db35a52589764c7745a613b6943bbd018f128d42177ab92ee7dde88444f6/fastrlock-0.8.3-cp312-cp312-win_amd64.whl", hash = "sha256:da06d43e1625e2ffddd303edcd6d2cd068e1c486f5fd0102b3f079c44eb13e2c", size = 31235, upload-time = "2024-12-17T11:02:25.708Z" },
    { url = "https://files.pythonhosted.org/packages/92/74/7b13d836c3f221cff69d6f418f46c2a30c4b1fe09a8ce7db02eecb593185/fastrlock-0.8.3-cp313-cp313-macosx_11_0_universal2.whl", hash = "sha256:5264088185ca8e6bc83181dff521eee94d078c269c7d557cc8d9ed5952b7be45", size = 54157, upload-time = "2024-12-17T11:02:29.196Z" },
    { url = "https://files.pythonhosted.org/packages/06/77/f06a907f9a07d26d0cca24a4385944cfe70d549a2c9f1c3e3217332f4f12/fastrlock-0.8.3-cp313-cp313-manylinux_2_17_aarch64.manylinux2014_aarch64.manylinux_2_28_aarch64.whl", hash = "sha256:4a98ba46b3e14927550c4baa36b752d0d2f7387b8534864a8767f83cce75c160", size = 50954, upload-time = "2024-12-17T11:02:32.12Z" },
    { url = "https://files.pythonhosted.org/packages/f9/4e/94480fb3fd93991dd6f4e658b77698edc343f57caa2870d77b38c89c2e3b/fastrlock-0.8.3-cp313-cp313-manylinux_2_5_x86_64.manylinux1_x86_64.manylinux_2_28_x86_64.whl", hash = "sha256:dbdea6deeccea1917c6017d353987231c4e46c93d5338ca3e66d6cd88fbce259", size = 52535, upload-time = "2024-12-17T11:02:33.402Z" },
    { url = "https://files.pythonhosted.org/packages/7d/a7/ee82bb55b6c0ca30286dac1e19ee9417a17d2d1de3b13bb0f20cefb86086/fastrlock-0.8.3-cp313-cp313-musllinux_1_1_aarch64.whl", hash = "sha256:c6e5bfecbc0d72ff07e43fed81671747914d6794e0926700677ed26d894d4f4f", size = 50942, upload-time = "2024-12-17T11:02:34.688Z" },
    { url = "https://files.pythonhosted.org/packages/63/1d/d4b7782ef59e57dd9dde69468cc245adafc3674281905e42fa98aac30a79/fastrlock-0.8.3-cp313-cp313-musllinux_1_1_x86_64.whl", hash = "sha256:2a83d558470c520ed21462d304e77a12639859b205759221c8144dd2896b958a", size = 52044, upload-time = "2024-12-17T11:02:36.613Z" },
    { url = "https://files.pythonhosted.org/packages/28/a3/2ad0a0a69662fd4cf556ab8074f0de978ee9b56bff6ddb4e656df4aa9e8e/fastrlock-0.8.3-cp313-cp313-win_amd64.whl", hash = "sha256:8d1d6a28291b4ace2a66bd7b49a9ed9c762467617febdd9ab356b867ed901af8", size = 30472, upload-time = "2024-12-17T11:02:37.983Z" },
]

[[package]]
name = "numpy"
version = "2.2.6"
source = { registry = "https://pypi.org/simple" }
sdist = { url = "https://files.pythonhosted.org/packages/76/21/7d2a95e4bba9dc13d043ee156a356c0a8f0c6309dff6b21b4d71a073b8a8/numpy-2.2.6.tar.gz", hash = "sha256:e29554e2bef54a90aa5cc07da6ce955accb83f21ab5de01a62c8478897b264fd", size = 20276440, upload-time = "2025-05-17T22:38:04.611Z" }
wheels = [
    { url = "https://files.pythonhosted.org/packages/82/5d/c00588b6cf18e1da539b45d3598d3557084990dcc4331960c15ee776ee41/numpy-2.2.6-cp312-cp312-macosx_10_13_x86_64.whl", hash = "sha256:41c5a21f4a04fa86436124d388f6ed60a9343a6f767fced1a8a71c3fbca038ff", size = 20875348, upload-time = "2025-05-17T21:34:39.648Z" },
    { url = "https://files.pythonhosted.org/packages/66/ee/560deadcdde6c2f90200450d5938f63a34b37e27ebff162810f716f6a230/numpy-2.2.6-cp312-cp312-macosx_11_0_arm64.whl", hash = "sha256:de749064336d37e340f640b05f24e9e3dd678c57318c7289d222a8a2f543e90c", size = 14119362, upload-time = "2025-05-17T21:35:01.241Z" },
    { url = "https://files.pythonhosted.org/packages/3c/65/4baa99f1c53b30adf0acd9a5519078871ddde8d2339dc5a7fde80d9d87da/numpy-2.2.6-cp312-cp312-macosx_14_0_arm64.whl", hash = "sha256:894b3a42502226a1cac872f840030665f33326fc3dac8e57c607905773cdcde3", size = 5084103, upload-time = "2025-05-17T21:35:10.622Z" },
    { url = "https://files.pythonhosted.org/packages/cc/89/e5a34c071a0570cc40c9a54eb472d113eea6d002e9ae12bb3a8407fb912e/numpy-2.2.6-cp312-cp312-macosx_14_0_x86_64.whl", hash = "sha256:71594f7c51a18e728451bb50cc60a3ce4e6538822731b2933209a1f3614e9282", size = 6625382, upload-time = "2025-05-17T21:35:21.414Z" },
    { url = "https://files.pythonhosted.org/packages/f8/35/8c80729f1ff76b3921d5c9487c7ac3de9b2a103b1cd05e905b3090513510/numpy-2.2.6-cp312-cp312-manylinux_2_17_aarch64.manylinux2014_aarch64.whl", hash = "sha256:f2618db89be1b4e05f7a1a847a9c1c0abd63e63a1607d892dd54668dd92faf87", size = 14018462, upload-time = "2025-05-17T21:35:42.174Z" },
    { url = "https://files.pythonhosted.org/packages/8c/3d/1e1db36cfd41f895d266b103df00ca5b3cbe965184df824dec5c08c6b803/numpy-2.2.6-cp312-cp312-manylinux_2_17_x86_64.manylinux2014_x86_64.whl", hash = "sha256:fd83c01228a688733f1ded5201c678f0c53ecc1006ffbc404db9f7a899ac6249", size = 16527618, upload-time = "2025-05-17T21:36:06.711Z" },
    { url = "https://files.pythonhosted.org/packages/61/c6/03ed30992602c85aa3cd95b9070a514f8b3c33e31124694438d88809ae36/numpy-2.2.6-cp312-cp312-musllinux_1_2_aarch64.whl", hash = "sha256:37c0ca431f82cd5fa716eca9506aefcabc247fb27ba69c5062a6d3ade8cf8f49", size = 15505511, upload-time = "2025-05-17T21:36:29.965Z" },
    { url = "https://files.pythonhosted.org/packages/b7/25/5761d832a81df431e260719ec45de696414266613c9ee268394dd5ad8236/numpy-2.2.6-cp312-cp312-musllinux_1_2_x86_64.whl", hash = "sha256:fe27749d33bb772c80dcd84ae7e8df2adc920ae8297400dabec45f0dedb3f6de", size = 18313783, upload-time = "2025-05-17T21:36:56.883Z" },
    { url = "https://files.pythonhosted.org/packages/57/0a/72d5a3527c5ebffcd47bde9162c39fae1f90138c961e5296491ce778e682/numpy-2.2.6-cp312-cp312-win32.whl", hash = "sha256:4eeaae00d789f66c7a25ac5f34b71a7035bb474e679f410e5e1a94deb24cf2d4", size = 6246506, upload-time = "2025-05-17T21:37:07.368Z" },
    { url = "https://files.pythonhosted.org/packages/36/fa/8c9210162ca1b88529ab76b41ba02d433fd54fecaf6feb70ef9f124683f1/numpy-2.2.6-cp312-cp312-win_amd64.whl", hash = "sha256:c1f9540be57940698ed329904db803cf7a402f3fc200bfe599334c9bd84a40b2", size = 12614190, upload-time = "2025-05-17T21:37:26.213Z" },
    { url = "https://files.pythonhosted.org/packages/f9/5c/6657823f4f594f72b5471f1db1ab12e26e890bb2e41897522d134d2a3e81/numpy-2.2.6-cp313-cp313-macosx_10_13_x86_64.whl", hash = "sha256:0811bb762109d9708cca4d0b13c4f67146e3c3b7cf8d34018c722adb2d957c84", size = 20867828, upload-time = "2025-05-17T21:37:56.699Z" },
    { url = "https://files.pythonhosted.org/packages/dc/9e/14520dc3dadf3c803473bd07e9b2bd1b69bc583cb2497b47000fed2fa92f/numpy-2.2.6-cp313-cp313-macosx_11_0_arm64.whl", hash = "sha256:287cc3162b6f01463ccd86be154f284d0893d2b3ed7292439ea97eafa8170e0b", size = 14143006, upload-time = "2025-05-17T21:38:18.291Z" },
    { url = "https://files.pythonhosted.org/packages/4f/06/7e96c57d90bebdce9918412087fc22ca9851cceaf5567a45c1f404480e9e/numpy-2.2.6-cp313-cp313-macosx_14_0_arm64.whl", hash = "sha256:f1372f041402e37e5e633e586f62aa53de2eac8d98cbfb822806ce4bbefcb74d", size = 5076765, upload-time = "2025-05-17T21:38:27.319Z" },
    { url = "https://files.pythonhosted.org/packages/73/ed/63d920c23b4289fdac96ddbdd6132e9427790977d5457cd132f18e76eae0/numpy-2.2.6-cp313-cp313-macosx_14_0_x86_64.whl", hash = "sha256:55a4d33fa519660d69614a9fad433be87e5252f4b03850642f88993f7b2ca566", size = 6617736, upload-time = "2025-05-17T21:38:38.141Z" },
    { url = "https://files.pythonhosted.org/packages/85/c5/e19c8f99d83fd377ec8c7e0cf627a8049746da54afc24ef0a0cb73d5dfb5/numpy-2.2.6-cp313-cp313-manylinux_2_17_aarch64.manylinux2014_aarch64.whl", hash = "sha256:f92729c95468a2f4f15e9bb94c432a9229d0d50de67304399627a943201baa2f", size = 14010719, upload-time = "2025-05-17T21:38:58.433Z" },
    { url = "https://files.pythonhosted.org/packages/19/49/4df9123aafa7b539317bf6d342cb6d227e49f7a35b99c287a6109b13dd93/numpy-2.2.6-cp313-cp313-manylinux_2_17_x86_64.manylinux2014_x86_64.whl", hash = "sha256:1bc23a79bfabc5d056d106f9befb8d50c31ced2fbc70eedb8155aec74a45798f", size = 16526072, upload-time = "2025-05-17T21:39:22.638Z" },
    { url = "https://files.pythonhosted.org/packages/b2/6c/04b5f47f4f32f7c2b0e7260442a8cbcf8168b0e1a41ff1495da42f42a14f/numpy-2.2.6-cp313-cp313-musllinux_1_2_aarch64.whl", hash = "sha256:e3143e4451880bed956e706a3220b4e5cf6172ef05fcc397f6f36a550b1dd868", size = 15503213, upload-time = "2025-05-17T21:39:45.865Z" },
    { url = "https://files.pythonhosted.org/packages/17/0a/5cd92e352c1307640d5b6fec1b2ffb06cd0dabe7d7b8227f97933d378422/numpy-2.2.6-cp313-cp313-musllinux_1_2_x86_64.whl", hash = "sha256:b4f13750ce79751586ae2eb824ba7e1e8dba64784086c98cdbbcc6a42112ce0d", size = 18316632, upload-time = "2025-05-17T21:40:13.331Z" },
    { url = "https://files.pythonhosted.org/packages/f0/3b/5cba2b1d88760ef86596ad0f3d484b1cbff7c115ae2429678465057c5155/numpy-2.2.6-cp313-cp313-win32.whl", hash = "sha256:5beb72339d9d4fa36522fc63802f469b13cdbe4fdab4a288f0c441b74272ebfd", size = 6244532, upload-time = "2025-05-17T21:43:46.099Z" },
    { url = "https://files.pythonhosted.org/packages/cb/3b/d58c12eafcb298d4e6d0d40216866ab15f59e55d148a5658bb3132311fcf/numpy-2.2.6-cp313-cp313-win_amd64.whl", hash = "sha256:b0544343a702fa80c95ad5d3d608ea3599dd54d4632df855e4c8d24eb6ecfa1c", size = 12610885, upload-time = "2025-05-17T21:44:05.145Z" },
    { url = "https://files.pythonhosted.org/packages/6b/9e/4bf918b818e516322db999ac25d00c75788ddfd2d2ade4fa66f1f38097e1/numpy-2.2.6-cp313-cp313t-macosx_10_13_x86_64.whl", hash = "sha256:0bca768cd85ae743b2affdc762d617eddf3bcf8724435498a1e80132d04879e6", size = 20963467, upload-time = "2025-05-17T21:40:44Z" },
    { url = "https://files.pythonhosted.org/packages/61/66/d2de6b291507517ff2e438e13ff7b1e2cdbdb7cb40b3ed475377aece69f9/numpy-2.2.6-cp313-cp313t-macosx_11_0_arm64.whl", hash = "sha256:fc0c5673685c508a142ca65209b4e79ed6740a4ed6b2267dbba90f34b0b3cfda", size = 14225144, upload-time = "2025-05-17T21:41:05.695Z" },
    { url = "https://files.pythonhosted.org/packages/e4/25/480387655407ead912e28ba3a820bc69af9adf13bcbe40b299d454ec011f/numpy-2.2.6-cp313-cp313t-macosx_14_0_arm64.whl", hash = "sha256:5bd4fc3ac8926b3819797a7c0e2631eb889b4118a9898c84f585a54d475b7e40", size = 5200217, upload-time = "2025-05-17T21:41:15.903Z" },
    { url = "https://files.pythonhosted.org/packages/aa/4a/6e313b5108f53dcbf3aca0c0f3e9c92f4c10ce57a0a721851f9785872895/numpy-2.2.6-cp313-cp313t-macosx_14_0_x86_64.whl", hash = "sha256:fee4236c876c4e8369388054d02d0e9bb84821feb1a64dd59e137e6511a551f8", size = 6712014, upload-time = "2025-05-17T21:41:27.321Z" },
    { url = "https://files.pythonhosted.org/packages/b7/30/172c2d5c4be71fdf476e9de553443cf8e25feddbe185e0bd88b096915bcc/numpy-2.2.6-cp313-cp313t-manylinux_2_17_aarch64.manylinux2014_aarch64.whl", hash = "sha256:e1dda9c7e08dc141e0247a5b8f49cf05984955246a327d4c48bda16821947b2f", size = 14077935, upload-time = "2025-05-17T21:41:49.738Z" },
    { url = "https://files.pythonhosted.org/packages/12/fb/9e743f8d4e4d3c710902cf87af3512082ae3d43b945d5d16563f26ec251d/numpy-2.2.6-cp313-cp313t-manylinux_2_17_x86_64.manylinux2014_x86_64.whl", hash = "sha256:f447e6acb680fd307f40d3da4852208af94afdfab89cf850986c3ca00562f4fa", size = 16600122, upload-time = "2025-05-17T21:42:14.046Z" },
    { url = "https://files.pythonhosted.org/packages/12/75/ee20da0e58d3a66f204f38916757e01e33a9737d0b22373b3eb5a27358f9/numpy-2.2.6-cp313-cp313t-musllinux_1_2_aarch64.whl", hash = "sha256:389d771b1623ec92636b0786bc4ae56abafad4a4c513d36a55dce14bd9ce8571", size = 15586143, upload-time = "2025-05-17T21:42:37.464Z" },
    { url = "https://files.pythonhosted.org/packages/76/95/bef5b37f29fc5e739947e9ce5179ad402875633308504a52d188302319c8/numpy-2.2.6-cp313-cp313t-musllinux_1_2_x86_64.whl", hash = "sha256:8e9ace4a37db23421249ed236fdcdd457d671e25146786dfc96835cd951aa7c1", size = 18385260, upload-time = "2025-05-17T21:43:05.189Z" },
    { url = "https://files.pythonhosted.org/packages/09/04/f2f83279d287407cf36a7a8053a5abe7be3622a4363337338f2585e4afda/numpy-2.2.6-cp313-cp313t-win32.whl", hash = "sha256:038613e9fb8c72b0a41f025a7e4c3f0b7a1b5d768ece4796b674c8f3fe13efff", size = 6377225, upload-time = "2025-05-17T21:43:16.254Z" },
    { url = "https://files.pythonhosted.org/packages/67/0e/35082d13c09c02c011cf21570543d202ad929d961c02a147493cb0c2bdf5/numpy-2.2.6-cp313-cp313t-win_amd64.whl", hash = "sha256:6031dd6dfecc0cf9f668681a37648373bddd6421fff6c66ec1624eed0180ee06", size = 12771374, upload-time = "2025-05-17T21:43:35.479Z" },
]

[[package]]
name = "nvidia-cuda-nvcc-cu12"
version = "12.9.41"
source = { registry = "https://pypi.org/simple" }
wheels = [
    { url = "https://files.pythonhosted.org/packages/8f/58/cebcea534569058ea5e0dbc1eef8d7ceccc647759cfd63e522eba92a0bf5/nvidia_cuda_nvcc_cu12-12.9.41-py3-none-manylinux2010_x86_64.manylinux_2_12_x86_64.whl", hash = "sha256:1a4edb53162f87519c1dd4fe948bfb6b80c272530a9bbb5ebd6833527abc3233", size = 40550305, upload-time = "2025-05-01T19:33:52.872Z" },
    { url = "https://files.pythonhosted.org/packages/c6/ba/62ea941712209bc0883b4139b375d58a7181eeecc8d01d54a965f75fd0cd/nvidia_cuda_nvcc_cu12-12.9.41-py3-none-manylinux2014_aarch64.manylinux_2_17_aarch64.whl", hash = "sha256:1170cdef5b1908ee2330a84ae8ac3e1d4e24747bdcb2ad4f030f9240eac580d4", size = 39421413, upload-time = "2025-05-01T19:33:40.62Z" },
    { url = "https://files.pythonhosted.org/packages/ac/2b/882078da26c27062b86fdfd46ce52f8936a5fbe3b8e68f490b032063e19e/nvidia_cuda_nvcc_cu12-12.9.41-py3-none-win_amd64.whl", hash = "sha256:51dfb1b94f34282ab65b843b10d62610886b1de8ff33055efa7055d9e801e5b6", size = 34669918, upload-time = "2025-05-01T19:46:05.733Z" },
]

[[package]]
name = "nvidia-cuda-nvrtc-cu12"
version = "12.9.41"
source = { registry = "https://pypi.org/simple" }
wheels = [
    { url = "https://files.pythonhosted.org/packages/69/95/50f53021839acda7a19d261ad9e231b40bb160395b99ee872a14bd38acdb/nvidia_cuda_nvrtc_cu12-12.9.41-py3-none-manylinux2010_x86_64.manylinux_2_12_x86_64.whl", hash = "sha256:4b9ae8f5cbdbc35b2f90b0493fe4e03163be8f95cbcfb976d4ea5ee7dd097220", size = 89567521, upload-time = "2025-05-01T19:34:54.71Z" },
    { url = "https://files.pythonhosted.org/packages/00/04/326e6561a2fd2260e9cdff567806ed34cb1e55b2ba2b8934d86886c83e28/nvidia_cuda_nvrtc_cu12-12.9.41-py3-none-manylinux2014_aarch64.manylinux_2_17_aarch64.whl", hash = "sha256:02d34dc088dab9ed7c4e65d3a21297585817faad52885391cb32de22b7cc55d4", size = 44529449, upload-time = "2025-05-01T19:34:36.657Z" },
    { url = "https://files.pythonhosted.org/packages/65/12/a760e9beb957219c41ac5bfe7b841566faa3b156770acebe54e75be89de5/nvidia_cuda_nvrtc_cu12-12.9.41-py3-none-win_amd64.whl", hash = "sha256:c5b97b986b08bddb91bbf347ab02e26c3f9ccd83e41ee80768fc4862331400a8", size = 76408497, upload-time = "2025-05-01T19:46:40.693Z" },
]

[[package]]
name = "nvidia-nvjitlink-cu12"
version = "12.9.41"
source = { registry = "https://pypi.org/simple" }
wheels = [
    { url = "https://files.pythonhosted.org/packages/86/69/01de7245968084eb73e50512daa72b36e27dfd2994bf268e6a205eff5093/nvidia_nvjitlink_cu12-12.9.41-py3-none-manylinux2010_x86_64.manylinux_2_12_x86_64.whl", hash = "sha256:c3a2cd87cecf3f0ca5e5df97115ede3a81efec1d4b7e2ec89d13f66834042930", size = 39748650, upload-time = "2025-05-01T19:44:06.629Z" },
    { url = "https://files.pythonhosted.org/packages/2d/0a/9970b6e178a02aff42362ca2f75b9a8423690075dd8ceb068e28ff6e4435/nvidia_nvjitlink_cu12-12.9.41-py3-none-manylinux2014_aarch64.manylinux_2_17_aarch64.whl", hash = "sha256:631270891e78de08ebc669bb9ba4418b7899da9efb927fcf6fdff85c9507f54f", size = 39516557, upload-time = "2025-05-01T19:43:53.577Z" },
    { url = "https://files.pythonhosted.org/packages/a5/69/68ac94d2a75efc6a2e60fda3633c2171c9793f49fcffe1f1d91ece409bed/nvidia_nvjitlink_cu12-12.9.41-py3-none-win_amd64.whl", hash = "sha256:d7980883fddf331adb635be475b9d7f07272273cd51f6da8adf487571f17da9e", size = 277236675, upload-time = "2025-05-01T19:51:13.21Z" },
]

[[package]]
name = "pywin32"
version = "310"
source = { registry = "https://pypi.org/simple" }
wheels = [
    { url = "https://files.pythonhosted.org/packages/6b/ec/4fdbe47932f671d6e348474ea35ed94227fb5df56a7c30cbbb42cd396ed0/pywin32-310-cp312-cp312-win32.whl", hash = "sha256:8a75a5cc3893e83a108c05d82198880704c44bbaee4d06e442e471d3c9ea4f3d", size = 8796239, upload-time = "2025-03-17T00:55:58.807Z" },
    { url = "https://files.pythonhosted.org/packages/e3/e5/b0627f8bb84e06991bea89ad8153a9e50ace40b2e1195d68e9dff6b03d0f/pywin32-310-cp312-cp312-win_amd64.whl", hash = "sha256:bf5c397c9a9a19a6f62f3fb821fbf36cac08f03770056711f765ec1503972060", size = 9503839, upload-time = "2025-03-17T00:56:00.8Z" },
    { url = "https://files.pythonhosted.org/packages/1f/32/9ccf53748df72301a89713936645a664ec001abd35ecc8578beda593d37d/pywin32-310-cp312-cp312-win_arm64.whl", hash = "sha256:2349cc906eae872d0663d4d6290d13b90621eaf78964bb1578632ff20e152966", size = 8459470, upload-time = "2025-03-17T00:56:02.601Z" },
    { url = "https://files.pythonhosted.org/packages/1c/09/9c1b978ffc4ae53999e89c19c77ba882d9fce476729f23ef55211ea1c034/pywin32-310-cp313-cp313-win32.whl", hash = "sha256:5d241a659c496ada3253cd01cfaa779b048e90ce4b2b38cd44168ad555ce74ab", size = 8794384, upload-time = "2025-03-17T00:56:04.383Z" },
    { url = "https://files.pythonhosted.org/packages/45/3c/b4640f740ffebadd5d34df35fecba0e1cfef8fde9f3e594df91c28ad9b50/pywin32-310-cp313-cp313-win_amd64.whl", hash = "sha256:667827eb3a90208ddbdcc9e860c81bde63a135710e21e4cb3348968e4bd5249e", size = 9503039, upload-time = "2025-03-17T00:56:06.207Z" },
    { url = "https://files.pythonhosted.org/packages/b4/f4/f785020090fb050e7fb6d34b780f2231f302609dc964672f72bfaeb59a28/pywin32-310-cp313-cp313-win_arm64.whl", hash = "sha256:e308f831de771482b7cf692a1f308f8fca701b2d8f9dde6cc440c7da17e47b33", size = 8458152, upload-time = "2025-03-17T00:56:07.819Z" },
]

[[package]]
name = "socd"
version = "0.1.0"
source = { virtual = "." }
dependencies = [
    { name = "cuda-python", extra = ["all"] },
    { name = "cupy-cuda12x" },
]

[package.metadata]
requires-dist = [
    { name = "cuda-python", extras = ["all"], specifier = ">=12.9.0" },
    { name = "cupy-cuda12x", specifier = ">=13.4.1" },
]
